// !$*UTF8*$!
{
	archiveVersion = 1;
	classes = {
	};
	objectVersion = 50;
	objects = {

/* Begin PBXBuildFile section */
		43437C032414318400613272 /* AppDelegate.swift in Sources */ = {isa = PBXBuildFile; fileRef = 43437C022414318400613272 /* AppDelegate.swift */; };
		43437C052414318400613272 /* SceneDelegate.swift in Sources */ = {isa = PBXBuildFile; fileRef = 43437C042414318400613272 /* SceneDelegate.swift */; };
		43437C072414318400613272 /* ContentView.swift in Sources */ = {isa = PBXBuildFile; fileRef = 43437C062414318400613272 /* ContentView.swift */; };
		43437C092414318500613272 /* Assets.xcassets in Resources */ = {isa = PBXBuildFile; fileRef = 43437C082414318500613272 /* Assets.xcassets */; };
		43437C0C2414318500613272 /* Preview Assets.xcassets in Resources */ = {isa = PBXBuildFile; fileRef = 43437C0B2414318500613272 /* Preview Assets.xcassets */; };
		43437C0F2414318500613272 /* LaunchScreen.storyboard in Resources */ = {isa = PBXBuildFile; fileRef = 43437C0D2414318500613272 /* LaunchScreen.storyboard */; };
		43437C1A2414318500613272 /* RoomsTests.swift in Sources */ = {isa = PBXBuildFile; fileRef = 43437C192414318500613272 /* RoomsTests.swift */; };
		43437C252414318500613272 /* RoomsUITests.swift in Sources */ = {isa = PBXBuildFile; fileRef = 43437C242414318500613272 /* RoomsUITests.swift */; };
		43E1F31E2414334A00D2D003 /* Room.swift in Sources */ = {isa = PBXBuildFile; fileRef = 43E1F31D2414334A00D2D003 /* Room.swift */; };
		43E1F3212414335200D2D003 /* RoomStore.swift in Sources */ = {isa = PBXBuildFile; fileRef = 43E1F31F2414335200D2D003 /* RoomStore.swift */; };
		43E1F3222414335200D2D003 /* RoomDetail.swift in Sources */ = {isa = PBXBuildFile; fileRef = 43E1F3202414335200D2D003 /* RoomDetail.swift */; };
/* End PBXBuildFile section */

/* Begin PBXContainerItemProxy section */
		43437C162414318500613272 /* PBXContainerItemProxy */ = {
			isa = PBXContainerItemProxy;
			containerPortal = 43437BF72414318400613272 /* Project object */;
			proxyType = 1;
			remoteGlobalIDString = 43437BFE2414318400613272;
			remoteInfo = Rooms;
		};
		43437C212414318500613272 /* PBXContainerItemProxy */ = {
			isa = PBXContainerItemProxy;
			containerPortal = 43437BF72414318400613272 /* Project object */;
			proxyType = 1;
			remoteGlobalIDString = 43437BFE2414318400613272;
			remoteInfo = Rooms;
		};
/* End PBXContainerItemProxy section */

/* Begin PBXFileReference section */
		43437BFF2414318400613272 /* Rooms.app */ = {isa = PBXFileReference; explicitFileType = wrapper.application; includeInIndex = 0; path = Rooms.app; sourceTree = BUILT_PRODUCTS_DIR; };
		43437C022414318400613272 /* AppDelegate.swift */ = {isa = PBXFileReference; lastKnownFileType = sourcecode.swift; path = AppDelegate.swift; sourceTree = "<group>"; };
		43437C042414318400613272 /* SceneDelegate.swift */ = {isa = PBXFileReference; lastKnownFileType = sourcecode.swift; path = SceneDelegate.swift; sourceTree = "<group>"; };
		43437C062414318400613272 /* ContentView.swift */ = {isa = PBXFileReference; lastKnownFileType = sourcecode.swift; path = ContentView.swift; sourceTree = "<group>"; };
		43437C082414318500613272 /* Assets.xcassets */ = {isa = PBXFileReference; lastKnownFileType = folder.assetcatalog; path = Assets.xcassets; sourceTree = "<group>"; };
		43437C0B2414318500613272 /* Preview Assets.xcassets */ = {isa = PBXFileReference; lastKnownFileType = folder.assetcatalog; path = "Preview Assets.xcassets"; sourceTree = "<group>"; };
		43437C0E2414318500613272 /* Base */ = {isa = PBXFileReference; lastKnownFileType = file.storyboard; name = Base; path = Base.lproj/LaunchScreen.storyboard; sourceTree = "<group>"; };
		43437C102414318500613272 /* Info.plist */ = {isa = PBXFileReference; lastKnownFileType = text.plist.xml; path = Info.plist; sourceTree = "<group>"; };
		43437C152414318500613272 /* RoomsTests.xctest */ = {isa = PBXFileReference; explicitFileType = wrapper.cfbundle; includeInIndex = 0; path = RoomsTests.xctest; sourceTree = BUILT_PRODUCTS_DIR; };
		43437C192414318500613272 /* RoomsTests.swift */ = {isa = PBXFileReference; lastKnownFileType = sourcecode.swift; path = RoomsTests.swift; sourceTree = "<group>"; };
		43437C1B2414318500613272 /* Info.plist */ = {isa = PBXFileReference; lastKnownFileType = text.plist.xml; path = Info.plist; sourceTree = "<group>"; };
		43437C202414318500613272 /* RoomsUITests.xctest */ = {isa = PBXFileReference; explicitFileType = wrapper.cfbundle; includeInIndex = 0; path = RoomsUITests.xctest; sourceTree = BUILT_PRODUCTS_DIR; };
		43437C242414318500613272 /* RoomsUITests.swift */ = {isa = PBXFileReference; lastKnownFileType = sourcecode.swift; path = RoomsUITests.swift; sourceTree = "<group>"; };
		43437C262414318500613272 /* Info.plist */ = {isa = PBXFileReference; lastKnownFileType = text.plist.xml; path = Info.plist; sourceTree = "<group>"; };
		43E1F31D2414334A00D2D003 /* Room.swift */ = {isa = PBXFileReference; fileEncoding = 4; lastKnownFileType = sourcecode.swift; path = Room.swift; sourceTree = "<group>"; };
		43E1F31F2414335200D2D003 /* RoomStore.swift */ = {isa = PBXFileReference; fileEncoding = 4; lastKnownFileType = sourcecode.swift; path = RoomStore.swift; sourceTree = "<group>"; };
		43E1F3202414335200D2D003 /* RoomDetail.swift */ = {isa = PBXFileReference; fileEncoding = 4; lastKnownFileType = sourcecode.swift; path = RoomDetail.swift; sourceTree = "<group>"; };
/* End PBXFileReference section */

/* Begin PBXFrameworksBuildPhase section */
		43437BFC2414318400613272 /* Frameworks */ = {
			isa = PBXFrameworksBuildPhase;
			buildActionMask = 2147483647;
			files = (
			);
			runOnlyForDeploymentPostprocessing = 0;
		};
		43437C122414318500613272 /* Frameworks */ = {
			isa = PBXFrameworksBuildPhase;
			buildActionMask = 2147483647;
			files = (
			);
			runOnlyForDeploymentPostprocessing = 0;
		};
		43437C1D2414318500613272 /* Frameworks */ = {
			isa = PBXFrameworksBuildPhase;
			buildActionMask = 2147483647;
			files = (
			);
			runOnlyForDeploymentPostprocessing = 0;
		};
/* End PBXFrameworksBuildPhase section */

/* Begin PBXGroup section */
		43437BF62414318400613272 = {
			isa = PBXGroup;
			children = (
				43437C012414318400613272 /* Rooms */,
				43437C182414318500613272 /* RoomsTests */,
				43437C232414318500613272 /* RoomsUITests */,
				43437C002414318400613272 /* Products */,
			);
			sourceTree = "<group>";
		};
		43437C002414318400613272 /* Products */ = {
			isa = PBXGroup;
			children = (
				43437BFF2414318400613272 /* Rooms.app */,
				43437C152414318500613272 /* RoomsTests.xctest */,
				43437C202414318500613272 /* RoomsUITests.xctest */,
			);
			name = Products;
			sourceTree = "<group>";
		};
		43437C012414318400613272 /* Rooms */ = {
			isa = PBXGroup;
			children = (
				43437C022414318400613272 /* AppDelegate.swift */,
				43E1F31D2414334A00D2D003 /* Room.swift */,
				43E1F3202414335200D2D003 /* RoomDetail.swift */,
				43E1F31F2414335200D2D003 /* RoomStore.swift */,
				43437C042414318400613272 /* SceneDelegate.swift */,
				43437C062414318400613272 /* ContentView.swift */,
				43437C082414318500613272 /* Assets.xcassets */,
				43437C0D2414318500613272 /* LaunchScreen.storyboard */,
				43437C102414318500613272 /* Info.plist */,
				43437C0A2414318500613272 /* Preview Content */,
			);
			path = Rooms;
			sourceTree = "<group>";
		};
		43437C0A2414318500613272 /* Preview Content */ = {
			isa = PBXGroup;
			children = (
				43437C0B2414318500613272 /* Preview Assets.xcassets */,
			);
			path = "Preview Content";
			sourceTree = "<group>";
		};
		43437C182414318500613272 /* RoomsTests */ = {
			isa = PBXGroup;
			children = (
				43437C192414318500613272 /* RoomsTests.swift */,
				43437C1B2414318500613272 /* Info.plist */,
			);
			path = RoomsTests;
			sourceTree = "<group>";
		};
		43437C232414318500613272 /* RoomsUITests */ = {
			isa = PBXGroup;
			children = (
				43437C242414318500613272 /* RoomsUITests.swift */,
				43437C262414318500613272 /* Info.plist */,
			);
			path = RoomsUITests;
			sourceTree = "<group>";
		};
/* End PBXGroup section */

/* Begin PBXNativeTarget section */
		43437BFE2414318400613272 /* Rooms */ = {
			isa = PBXNativeTarget;
			buildConfigurationList = 43437C292414318500613272 /* Build configuration list for PBXNativeTarget "Rooms" */;
			buildPhases = (
				43437BFB2414318400613272 /* Sources */,
				43437BFC2414318400613272 /* Frameworks */,
				43437BFD2414318400613272 /* Resources */,
			);
			buildRules = (
			);
			dependencies = (
			);
			name = Rooms;
			productName = Rooms;
			productReference = 43437BFF2414318400613272 /* Rooms.app */;
			productType = "com.apple.product-type.application";
		};
		43437C142414318500613272 /* RoomsTests */ = {
			isa = PBXNativeTarget;
			buildConfigurationList = 43437C2C2414318500613272 /* Build configuration list for PBXNativeTarget "RoomsTests" */;
			buildPhases = (
				43437C112414318500613272 /* Sources */,
				43437C122414318500613272 /* Frameworks */,
				43437C132414318500613272 /* Resources */,
			);
			buildRules = (
			);
			dependencies = (
				43437C172414318500613272 /* PBXTargetDependency */,
			);
			name = RoomsTests;
			productName = RoomsTests;
			productReference = 43437C152414318500613272 /* RoomsTests.xctest */;
			productType = "com.apple.product-type.bundle.unit-test";
		};
		43437C1F2414318500613272 /* RoomsUITests */ = {
			isa = PBXNativeTarget;
			buildConfigurationList = 43437C2F2414318500613272 /* Build configuration list for PBXNativeTarget "RoomsUITests" */;
			buildPhases = (
				43437C1C2414318500613272 /* Sources */,
				43437C1D2414318500613272 /* Frameworks */,
				43437C1E2414318500613272 /* Resources */,
			);
			buildRules = (
			);
			dependencies = (
				43437C222414318500613272 /* PBXTargetDependency */,
			);
			name = RoomsUITests;
			productName = RoomsUITests;
			productReference = 43437C202414318500613272 /* RoomsUITests.xctest */;
			productType = "com.apple.product-type.bundle.ui-testing";
		};
/* End PBXNativeTarget section */

/* Begin PBXProject section */
		43437BF72414318400613272 /* Project object */ = {
			isa = PBXProject;
			attributes = {
				LastSwiftUpdateCheck = 1130;
				LastUpgradeCheck = 1130;
				ORGANIZATIONNAME = "Dmitry Shipunov";
				TargetAttributes = {
					43437BFE2414318400613272 = {
						CreatedOnToolsVersion = 11.3.1;
					};
					43437C142414318500613272 = {
						CreatedOnToolsVersion = 11.3.1;
						TestTargetID = 43437BFE2414318400613272;
					};
					43437C1F2414318500613272 = {
						CreatedOnToolsVersion = 11.3.1;
						TestTargetID = 43437BFE2414318400613272;
					};
				};
			};
			buildConfigurationList = 43437BFA2414318400613272 /* Build configuration list for PBXProject "Rooms" */;
			compatibilityVersion = "Xcode 9.3";
			developmentRegion = en;
			hasScannedForEncodings = 0;
			knownRegions = (
				en,
				Base,
			);
			mainGroup = 43437BF62414318400613272;
			productRefGroup = 43437C002414318400613272 /* Products */;
			projectDirPath = "";
			projectRoot = "";
			targets = (
				43437BFE2414318400613272 /* Rooms */,
				43437C142414318500613272 /* RoomsTests */,
				43437C1F2414318500613272 /* RoomsUITests */,
			);
		};
/* End PBXProject section */

/* Begin PBXResourcesBuildPhase section */
		43437BFD2414318400613272 /* Resources */ = {
			isa = PBXResourcesBuildPhase;
			buildActionMask = 2147483647;
			files = (
				43437C0F2414318500613272 /* LaunchScreen.storyboard in Resources */,
				43437C0C2414318500613272 /* Preview Assets.xcassets in Resources */,
				43437C092414318500613272 /* Assets.xcassets in Resources */,
			);
			runOnlyForDeploymentPostprocessing = 0;
		};
		43437C132414318500613272 /* Resources */ = {
			isa = PBXResourcesBuildPhase;
			buildActionMask = 2147483647;
			files = (
			);
			runOnlyForDeploymentPostprocessing = 0;
		};
		43437C1E2414318500613272 /* Resources */ = {
			isa = PBXResourcesBuildPhase;
			buildActionMask = 2147483647;
			files = (
			);
			runOnlyForDeploymentPostprocessing = 0;
		};
/* End PBXResourcesBuildPhase section */

/* Begin PBXSourcesBuildPhase section */
		43437BFB2414318400613272 /* Sources */ = {
			isa = PBXSourcesBuildPhase;
			buildActionMask = 2147483647;
			files = (
				43E1F3212414335200D2D003 /* RoomStore.swift in Sources */,
				43437C032414318400613272 /* AppDelegate.swift in Sources */,
				43437C052414318400613272 /* SceneDelegate.swift in Sources */,
				43E1F3222414335200D2D003 /* RoomDetail.swift in Sources */,
				43E1F31E2414334A00D2D003 /* Room.swift in Sources */,
				43437C072414318400613272 /* ContentView.swift in Sources */,
			);
			runOnlyForDeploymentPostprocessing = 0;
		};
		43437C112414318500613272 /* Sources */ = {
			isa = PBXSourcesBuildPhase;
			buildActionMask = 2147483647;
			files = (
				43437C1A2414318500613272 /* RoomsTests.swift in Sources */,
			);
			runOnlyForDeploymentPostprocessing = 0;
		};
		43437C1C2414318500613272 /* Sources */ = {
			isa = PBXSourcesBuildPhase;
			buildActionMask = 2147483647;
			files = (
				43437C252414318500613272 /* RoomsUITests.swift in Sources */,
			);
			runOnlyForDeploymentPostprocessing = 0;
		};
/* End PBXSourcesBuildPhase section */

/* Begin PBXTargetDependency section */
		43437C172414318500613272 /* PBXTargetDependency */ = {
			isa = PBXTargetDependency;
			target = 43437BFE2414318400613272 /* Rooms */;
			targetProxy = 43437C162414318500613272 /* PBXContainerItemProxy */;
		};
		43437C222414318500613272 /* PBXTargetDependency */ = {
			isa = PBXTargetDependency;
			target = 43437BFE2414318400613272 /* Rooms */;
			targetProxy = 43437C212414318500613272 /* PBXContainerItemProxy */;
		};
/* End PBXTargetDependency section */

/* Begin PBXVariantGroup section */
		43437C0D2414318500613272 /* LaunchScreen.storyboard */ = {
			isa = PBXVariantGroup;
			children = (
				43437C0E2414318500613272 /* Base */,
			);
			name = LaunchScreen.storyboard;
			sourceTree = "<group>";
		};
/* End PBXVariantGroup section */

/* Begin XCBuildConfiguration section */
		43437C272414318500613272 /* Debug */ = {
			isa = XCBuildConfiguration;
			buildSettings = {
				ALWAYS_SEARCH_USER_PATHS = NO;
				CLANG_ANALYZER_NONNULL = YES;
				CLANG_ANALYZER_NUMBER_OBJECT_CONVERSION = YES_AGGRESSIVE;
				CLANG_CXX_LANGUAGE_STANDARD = "gnu++14";
				CLANG_CXX_LIBRARY = "libc++";
				CLANG_ENABLE_MODULES = YES;
				CLANG_ENABLE_OBJC_ARC = YES;
				CLANG_ENABLE_OBJC_WEAK = YES;
				CLANG_WARN_BLOCK_CAPTURE_AUTORELEASING = YES;
				CLANG_WARN_BOOL_CONVERSION = YES;
				CLANG_WARN_COMMA = YES;
				CLANG_WARN_CONSTANT_CONVERSION = YES;
				CLANG_WARN_DEPRECATED_OBJC_IMPLEMENTATIONS = YES;
				CLANG_WARN_DIRECT_OBJC_ISA_USAGE = YES_ERROR;
				CLANG_WARN_DOCUMENTATION_COMMENTS = YES;
				CLANG_WARN_EMPTY_BODY = YES;
				CLANG_WARN_ENUM_CONVERSION = YES;
				CLANG_WARN_INFINITE_RECURSION = YES;
				CLANG_WARN_INT_CONVERSION = YES;
				CLANG_WARN_NON_LITERAL_NULL_CONVERSION = YES;
				CLANG_WARN_OBJC_IMPLICIT_RETAIN_SELF = YES;
				CLANG_WARN_OBJC_LITERAL_CONVERSION = YES;
				CLANG_WARN_OBJC_ROOT_CLASS = YES_ERROR;
				CLANG_WARN_RANGE_LOOP_ANALYSIS = YES;
				CLANG_WARN_STRICT_PROTOTYPES = YES;
				CLANG_WARN_SUSPICIOUS_MOVE = YES;
				CLANG_WARN_UNGUARDED_AVAILABILITY = YES_AGGRESSIVE;
				CLANG_WARN_UNREACHABLE_CODE = YES;
				CLANG_WARN__DUPLICATE_METHOD_MATCH = YES;
				COPY_PHASE_STRIP = NO;
				DEBUG_INFORMATION_FORMAT = dwarf;
				ENABLE_STRICT_OBJC_MSGSEND = YES;
				ENABLE_TESTABILITY = YES;
				GCC_C_LANGUAGE_STANDARD = gnu11;
				GCC_DYNAMIC_NO_PIC = NO;
				GCC_NO_COMMON_BLOCKS = YES;
				GCC_OPTIMIZATION_LEVEL = 0;
				GCC_PREPROCESSOR_DEFINITIONS = (
					"DEBUG=1",
					"$(inherited)",
				);
				GCC_WARN_64_TO_32_BIT_CONVERSION = YES;
				GCC_WARN_ABOUT_RETURN_TYPE = YES_ERROR;
				GCC_WARN_UNDECLARED_SELECTOR = YES;
				GCC_WARN_UNINITIALIZED_AUTOS = YES_AGGRESSIVE;
				GCC_WARN_UNUSED_FUNCTION = YES;
				GCC_WARN_UNUSED_VARIABLE = YES;
				IPHONEOS_DEPLOYMENT_TARGET = 13.2;
				MTL_ENABLE_DEBUG_INFO = INCLUDE_SOURCE;
				MTL_FAST_MATH = YES;
				ONLY_ACTIVE_ARCH = YES;
				SDKROOT = iphoneos;
				SWIFT_ACTIVE_COMPILATION_CONDITIONS = DEBUG;
				SWIFT_OPTIMIZATION_LEVEL = "-Onone";
			};
			name = Debug;
		};
		43437C282414318500613272 /* Release */ = {
			isa = XCBuildConfiguration;
			buildSettings = {
				ALWAYS_SEARCH_USER_PATHS = NO;
				CLANG_ANALYZER_NONNULL = YES;
				CLANG_ANALYZER_NUMBER_OBJECT_CONVERSION = YES_AGGRESSIVE;
				CLANG_CXX_LANGUAGE_STANDARD = "gnu++14";
				CLANG_CXX_LIBRARY = "libc++";
				CLANG_ENABLE_MODULES = YES;
				CLANG_ENABLE_OBJC_ARC = YES;
				CLANG_ENABLE_OBJC_WEAK = YES;
				CLANG_WARN_BLOCK_CAPTURE_AUTORELEASING = YES;
				CLANG_WARN_BOOL_CONVERSION = YES;
				CLANG_WARN_COMMA = YES;
				CLANG_WARN_CONSTANT_CONVERSION = YES;
				CLANG_WARN_DEPRECATED_OBJC_IMPLEMENTATIONS = YES;
				CLANG_WARN_DIRECT_OBJC_ISA_USAGE = YES_ERROR;
				CLANG_WARN_DOCUMENTATION_COMMENTS = YES;
				CLANG_WARN_EMPTY_BODY = YES;
				CLANG_WARN_ENUM_CONVERSION = YES;
				CLANG_WARN_INFINITE_RECURSION = YES;
				CLANG_WARN_INT_CONVERSION = YES;
				CLANG_WARN_NON_LITERAL_NULL_CONVERSION = YES;
				CLANG_WARN_OBJC_IMPLICIT_RETAIN_SELF = YES;
				CLANG_WARN_OBJC_LITERAL_CONVERSION = YES;
				CLANG_WARN_OBJC_ROOT_CLASS = YES_ERROR;
				CLANG_WARN_RANGE_LOOP_ANALYSIS = YES;
				CLANG_WARN_STRICT_PROTOTYPES = YES;
				CLANG_WARN_SUSPICIOUS_MOVE = YES;
				CLANG_WARN_UNGUARDED_AVAILABILITY = YES_AGGRESSIVE;
				CLANG_WARN_UNREACHABLE_CODE = YES;
				CLANG_WARN__DUPLICATE_METHOD_MATCH = YES;
				COPY_PHASE_STRIP = NO;
				DEBUG_INFORMATION_FORMAT = "dwarf-with-dsym";
				ENABLE_NS_ASSERTIONS = NO;
				ENABLE_STRICT_OBJC_MSGSEND = YES;
				GCC_C_LANGUAGE_STANDARD = gnu11;
				GCC_NO_COMMON_BLOCKS = YES;
				GCC_WARN_64_TO_32_BIT_CONVERSION = YES;
				GCC_WARN_ABOUT_RETURN_TYPE = YES_ERROR;
				GCC_WARN_UNDECLARED_SELECTOR = YES;
				GCC_WARN_UNINITIALIZED_AUTOS = YES_AGGRESSIVE;
				GCC_WARN_UNUSED_FUNCTION = YES;
				GCC_WARN_UNUSED_VARIABLE = YES;
				IPHONEOS_DEPLOYMENT_TARGET = 13.2;
				MTL_ENABLE_DEBUG_INFO = NO;
				MTL_FAST_MATH = YES;
				SDKROOT = iphoneos;
				SWIFT_COMPILATION_MODE = wholemodule;
				SWIFT_OPTIMIZATION_LEVEL = "-O";
				VALIDATE_PRODUCT = YES;
			};
			name = Release;
		};
		43437C2A2414318500613272 /* Debug */ = {
			isa = XCBuildConfiguration;
			buildSettings = {
				ASSETCATALOG_COMPILER_APPICON_NAME = AppIcon;
				CODE_SIGN_STYLE = Automatic;
				DEVELOPMENT_ASSET_PATHS = "\"Rooms/Preview Content\"";
				ENABLE_PREVIEWS = YES;
				INFOPLIST_FILE = Rooms/Info.plist;
				LD_RUNPATH_SEARCH_PATHS = (
					"$(inherited)",
					"@executable_path/Frameworks",
				);
				PRODUCT_BUNDLE_IDENTIFIER = test.Rooms;
				PRODUCT_NAME = "$(TARGET_NAME)";
				SWIFT_VERSION = 5.0;
				TARGETED_DEVICE_FAMILY = "1,2";
			};
			name = Debug;
		};
		43437C2B2414318500613272 /* Release */ = {
			isa = XCBuildConfiguration;
			buildSettings = {
				ASSETCATALOG_COMPILER_APPICON_NAME = AppIcon;
				CODE_SIGN_STYLE = Automatic;
				DEVELOPMENT_ASSET_PATHS = "\"Rooms/Preview Content\"";
				ENABLE_PREVIEWS = YES;
				INFOPLIST_FILE = Rooms/Info.plist;
				LD_RUNPATH_SEARCH_PATHS = (
					"$(inherited)",
					"@executable_path/Frameworks",
				);
				PRODUCT_BUNDLE_IDENTIFIER = test.Rooms;
				PRODUCT_NAME = "$(TARGET_NAME)";
				SWIFT_VERSION = 5.0;
				TARGETED_DEVICE_FAMILY = "1,2";
			};
			name = Release;
		};
		43437C2D2414318500613272 /* Debug */ = {
			isa = XCBuildConfiguration;
			buildSettings = {
				ALWAYS_EMBED_SWIFT_STANDARD_LIBRARIES = YES;
				BUNDLE_LOADER = "$(TEST_HOST)";
				CODE_SIGN_STYLE = Automatic;
				INFOPLIST_FILE = RoomsTests/Info.plist;
				IPHONEOS_DEPLOYMENT_TARGET = 13.2;
				LD_RUNPATH_SEARCH_PATHS = (
					"$(inherited)",
					"@executable_path/Frameworks",
					"@loader_path/Frameworks",
				);
				PRODUCT_BUNDLE_IDENTIFIER = test.RoomsTests;
				PRODUCT_NAME = "$(TARGET_NAME)";
				SWIFT_VERSION = 5.0;
				TARGETED_DEVICE_FAMILY = "1,2";
				TEST_HOST = "$(BUILT_PRODUCTS_DIR)/Rooms.app/Rooms";
			};
			name = Debug;
		};
		43437C2E2414318500613272 /* Release */ = {
			isa = XCBuildConfiguration;
			buildSettings = {
				ALWAYS_EMBED_SWIFT_STANDARD_LIBRARIES = YES;
				BUNDLE_LOADER = "$(TEST_HOST)";
				CODE_SIGN_STYLE = Automatic;
				INFOPLIST_FILE = RoomsTests/Info.plist;
				IPHONEOS_DEPLOYMENT_TARGET = 13.2;
				LD_RUNPATH_SEARCH_PATHS = (
					"$(inherited)",
					"@executable_path/Frameworks",
					"@loader_path/Frameworks",
				);
				PRODUCT_BUNDLE_IDENTIFIER = test.RoomsTests;
				PRODUCT_NAME = "$(TARGET_NAME)";
				SWIFT_VERSION = 5.0;
				TARGETED_DEVICE_FAMILY = "1,2";
				TEST_HOST = "$(BUILT_PRODUCTS_DIR)/Rooms.app/Rooms";
			};
			name = Release;
		};
		43437C302414318500613272 /* Debug */ = {
			isa = XCBuildConfiguration;
			buildSettings = {
				ALWAYS_EMBED_SWIFT_STANDARD_LIBRARIES = YES;
				CODE_SIGN_STYLE = Automatic;
				INFOPLIST_FILE = RoomsUITests/Info.plist;
				LD_RUNPATH_SEARCH_PATHS = (
					"$(inherited)",
					"@executable_path/Frameworks",
					"@loader_path/Frameworks",
				);
				PRODUCT_BUNDLE_IDENTIFIER = test.RoomsUITests;
				PRODUCT_NAME = "$(TARGET_NAME)";
				SWIFT_VERSION = 5.0;
				TARGETED_DEVICE_FAMILY = "1,2";
				TEST_TARGET_NAME = Rooms;
			};
			name = Debug;
		};
		43437C312414318500613272 /* Release */ = {
			isa = XCBuildConfiguration;
			buildSettings = {
				ALWAYS_EMBED_SWIFT_STANDARD_LIBRARIES = YES;
				CODE_SIGN_STYLE = Automatic;
				INFOPLIST_FILE = RoomsUITests/Info.plist;
				LD_RUNPATH_SEARCH_PATHS = (
					"$(inherited)",
					"@executable_path/Frameworks",
					"@loader_path/Frameworks",
				);
				PRODUCT_BUNDLE_IDENTIFIER = test.RoomsUITests;
				PRODUCT_NAME = "$(TARGET_NAME)";
				SWIFT_VERSION = 5.0;
				TARGETED_DEVICE_FAMILY = "1,2";
				TEST_TARGET_NAME = Rooms;
			};
			name = Release;
		};
/* End XCBuildConfiguration section */

/* Begin XCConfigurationList section */
		43437BFA2414318400613272 /* Build configuration list for PBXProject "Rooms" */ = {
			isa = XCConfigurationList;
			buildConfigurations = (
				43437C272414318500613272 /* Debug */,
				43437C282414318500613272 /* Release */,
			);
			defaultConfigurationIsVisible = 0;
			defaultConfigurationName = Release;
		};
		43437C292414318500613272 /* Build configuration list for PBXNativeTarget "Rooms" */ = {
			isa = XCConfigurationList;
			buildConfigurations = (
				43437C2A2414318500613272 /* Debug */,
				43437C2B2414318500613272 /* Release */,
			);
			defaultConfigurationIsVisible = 0;
			defaultConfigurationName = Release;
		};
		43437C2C2414318500613272 /* Build configuration list for PBXNativeTarget "RoomsTests" */ = {
			isa = XCConfigurationList;
			buildConfigurations = (
				43437C2D2414318500613272 /* Debug */,
				43437C2E2414318500613272 /* Release */,
			);
			defaultConfigurationIsVisible = 0;
			defaultConfigurationName = Release;
		};
		43437C2F2414318500613272 /* Build configuration list for PBXNativeTarget "RoomsUITests" */ = {
			isa = XCConfigurationList;
			buildConfigurations = (
				43437C302414318500613272 /* Debug */,
				43437C312414318500613272 /* Release */,
			);
			defaultConfigurationIsVisible = 0;
			defaultConfigurationName = Release;
		};
/* End XCConfigurationList section */
	};
	rootObject = 43437BF72414318400613272 /* Project object */;
}
